Microsoft Visual Studio Solution File, Format Version 9.00
# Visual C++ Express 2005
Project("{8BC9CEB8-8B4A-11D0-8D11-00A0C91BC942}") = "ngila", "ngila.vcproj", "{078A46DE-A473-4FEF-A496-22356476C97A}"
EndProject
Global
	GlobalSection(SolutionConfigurationPlatforms) = preSolution
		Debug|Win32 = Debug|Win32
		Release|Win32 = Release|Win32
	EndGlobalSection
	GlobalSection(ProjectConfigurationPlatforms) = postSolution
		{078A46DE-A473-4FEF-A496-22356476C97A}.Debug|Win32.ActiveCfg = Debug|Win32
		{078A46DE-A473-4FEF-A496-22356476C97A}.Debug|Win32.Build.0 = Debug|Win32
		{078A46DE-A473-4FEF-A496-22356476C97A}.Release|Win32.ActiveCfg = Release|Win32
		{078A46DE-A473-4FEF-A496-22356476C97A}.Release|Win32.Build.0 = Release|Win32
	EndGlobalSection
	GlobalSection(SolutionProperties) = preSolution
		HideSolutionNode = FALSE
	EndGlobalSection
EndGlobal
